// !$*UTF8*$!
{
	archiveVersion = 1;
	classes = {
	};
	objectVersion = 56;
	objects = {

/* Begin PBXBuildFile section */
		647CDD592CDE0153001B51A3 /* love_calculatorApp.swift in Sources */ = {isa = PBXBuildFile; fileRef = 647CDD582CDE0153001B51A3 /* love_calculatorApp.swift */; };
		647CDD5B2CDE0153001B51A3 /* ContentView.swift in Sources */ = {isa = PBXBuildFile; fileRef = 647CDD5A2CDE0153001B51A3 /* ContentView.swift */; };
		647CDD5D2CDE0154001B51A3 /* Assets.xcassets in Resources */ = {isa = PBXBuildFile; fileRef = 647CDD5C2CDE0154001B51A3 /* Assets.xcassets */; };
		647CDD602CDE0154001B51A3 /* Preview Assets.xcassets in Resources */ = {isa = PBXBuildFile; fileRef = 647CDD5F2CDE0154001B51A3 /* Preview Assets.xcassets */; };
		647CDD6A2CDE0154001B51A3 /* love_calculatorTests.swift in Sources */ = {isa = PBXBuildFile; fileRef = 647CDD692CDE0154001B51A3 /* love_calculatorTests.swift */; };
		647CDD742CDE0154001B51A3 /* love_calculatorUITests.swift in Sources */ = {isa = PBXBuildFile; fileRef = 647CDD732CDE0154001B51A3 /* love_calculatorUITests.swift */; };
		647CDD762CDE0154001B51A3 /* love_calculatorUITestsLaunchTests.swift in Sources */ = {isa = PBXBuildFile; fileRef = 647CDD752CDE0154001B51A3 /* love_calculatorUITestsLaunchTests.swift */; };
/* End PBXBuildFile section */

/* Begin PBXContainerItemProxy section */
		647CDD662CDE0154001B51A3 /* PBXContainerItemProxy */ = {
			isa = PBXContainerItemProxy;
			containerPortal = 647CDD4D2CDE0153001B51A3 /* Project object */;
			proxyType = 1;
			remoteGlobalIDString = 647CDD542CDE0153001B51A3;
			remoteInfo = "love-calculator";
		};
		647CDD702CDE0154001B51A3 /* PBXContainerItemProxy */ = {
			isa = PBXContainerItemProxy;
			containerPortal = 647CDD4D2CDE0153001B51A3 /* Project object */;
			proxyType = 1;
			remoteGlobalIDString = 647CDD542CDE0153001B51A3;
			remoteInfo = "love-calculator";
		};
/* End PBXContainerItemProxy section */

/* Begin PBXFileReference section */
		647CDD552CDE0153001B51A3 /* love-calculator.app */ = {isa = PBXFileReference; explicitFileType = wrapper.application; includeInIndex = 0; path = "love-calculator.app"; sourceTree = BUILT_PRODUCTS_DIR; };
		647CDD582CDE0153001B51A3 /* love_calculatorApp.swift */ = {isa = PBXFileReference; lastKnownFileType = sourcecode.swift; path = love_calculatorApp.swift; sourceTree = "<group>"; };
		647CDD5A2CDE0153001B51A3 /* ContentView.swift */ = {isa = PBXFileReference; lastKnownFileType = sourcecode.swift; path = ContentView.swift; sourceTree = "<group>"; };
		647CDD5C2CDE0154001B51A3 /* Assets.xcassets */ = {isa = PBXFileReference; lastKnownFileType = folder.assetcatalog; path = Assets.xcassets; sourceTree = "<group>"; };
		647CDD5F2CDE0154001B51A3 /* Preview Assets.xcassets */ = {isa = PBXFileReference; lastKnownFileType = folder.assetcatalog; path = "Preview Assets.xcassets"; sourceTree = "<group>"; };
		647CDD652CDE0154001B51A3 /* love-calculatorTests.xctest */ = {isa = PBXFileReference; explicitFileType = wrapper.cfbundle; includeInIndex = 0; path = "love-calculatorTests.xctest"; sourceTree = BUILT_PRODUCTS_DIR; };
		647CDD692CDE0154001B51A3 /* love_calculatorTests.swift */ = {isa = PBXFileReference; lastKnownFileType = sourcecode.swift; path = love_calculatorTests.swift; sourceTree = "<group>"; };
		647CDD6F2CDE0154001B51A3 /* love-calculatorUITests.xctest */ = {isa = PBXFileReference; explicitFileType = wrapper.cfbundle; includeInIndex = 0; path = "love-calculatorUITests.xctest"; sourceTree = BUILT_PRODUCTS_DIR; };
		647CDD732CDE0154001B51A3 /* love_calculatorUITests.swift */ = {isa = PBXFileReference; lastKnownFileType = sourcecode.swift; path = love_calculatorUITests.swift; sourceTree = "<group>"; };
		647CDD752CDE0154001B51A3 /* love_calculatorUITestsLaunchTests.swift */ = {isa = PBXFileReference; lastKnownFileType = sourcecode.swift; path = love_calculatorUITestsLaunchTests.swift; sourceTree = "<group>"; };
/* End PBXFileReference section */

/* Begin PBXFrameworksBuildPhase section */
		647CDD522CDE0153001B51A3 /* Frameworks */ = {
			isa = PBXFrameworksBuildPhase;
			buildActionMask = 2147483647;
			files = (
			);
			runOnlyForDeploymentPostprocessing = 0;
		};
		647CDD622CDE0154001B51A3 /* Frameworks */ = {
			isa = PBXFrameworksBuildPhase;
			buildActionMask = 2147483647;
			files = (
			);
			runOnlyForDeploymentPostprocessing = 0;
		};
		647CDD6C2CDE0154001B51A3 /* Frameworks */ = {
			isa = PBXFrameworksBuildPhase;
			buildActionMask = 2147483647;
			files = (
			);
			runOnlyForDeploymentPostprocessing = 0;
		};
/* End PBXFrameworksBuildPhase section */

/* Begin PBXGroup section */
		647CDD4C2CDE0153001B51A3 = {
			isa = PBXGroup;
			children = (
				647CDD572CDE0153001B51A3 /* love-calculator */,
				647CDD682CDE0154001B51A3 /* love-calculatorTests */,
				647CDD722CDE0154001B51A3 /* love-calculatorUITests */,
				647CDD562CDE0153001B51A3 /* Products */,
			);
			sourceTree = "<group>";
		};
		647CDD562CDE0153001B51A3 /* Products */ = {
			isa = PBXGroup;
			children = (
				647CDD552CDE0153001B51A3 /* love-calculator.app */,
				647CDD652CDE0154001B51A3 /* love-calculatorTests.xctest */,
				647CDD6F2CDE0154001B51A3 /* love-calculatorUITests.xctest */,
			);
			name = Products;
			sourceTree = "<group>";
		};
		647CDD572CDE0153001B51A3 /* love-calculator */ = {
			isa = PBXGroup;
			children = (
				647CDD582CDE0153001B51A3 /* love_calculatorApp.swift */,
				647CDD5A2CDE0153001B51A3 /* ContentView.swift */,
				647CDD5C2CDE0154001B51A3 /* Assets.xcassets */,
				647CDD5E2CDE0154001B51A3 /* Preview Content */,
			);
			path = "love-calculator";
			sourceTree = "<group>";
		};
		647CDD5E2CDE0154001B51A3 /* Preview Content */ = {
			isa = PBXGroup;
			children = (
				647CDD5F2CDE0154001B51A3 /* Preview Assets.xcassets */,
			);
			path = "Preview Content";
			sourceTree = "<group>";
		};
		647CDD682CDE0154001B51A3 /* love-calculatorTests */ = {
			isa = PBXGroup;
			children = (
				647CDD692CDE0154001B51A3 /* love_calculatorTests.swift */,
			);
			path = "love-calculatorTests";
			sourceTree = "<group>";
		};
		647CDD722CDE0154001B51A3 /* love-calculatorUITests */ = {
			isa = PBXGroup;
			children = (
				647CDD732CDE0154001B51A3 /* love_calculatorUITests.swift */,
				647CDD752CDE0154001B51A3 /* love_calculatorUITestsLaunchTests.swift */,
			);
			path = "love-calculatorUITests";
			sourceTree = "<group>";
		};
/* End PBXGroup section */

/* Begin PBXNativeTarget section */
		647CDD542CDE0153001B51A3 /* love-calculator */ = {
			isa = PBXNativeTarget;
			buildConfigurationList = 647CDD792CDE0154001B51A3 /* Build configuration list for PBXNativeTarget "love-calculator" */;
			buildPhases = (
				647CDD512CDE0153001B51A3 /* Sources */,
				647CDD522CDE0153001B51A3 /* Frameworks */,
				647CDD532CDE0153001B51A3 /* Resources */,
			);
			buildRules = (
			);
			dependencies = (
			);
			name = "love-calculator";
			productName = "love-calculator";
			productReference = 647CDD552CDE0153001B51A3 /* love-calculator.app */;
			productType = "com.apple.product-type.application";
		};
		647CDD642CDE0154001B51A3 /* love-calculatorTests */ = {
			isa = PBXNativeTarget;
			buildConfigurationList = 647CDD7C2CDE0154001B51A3 /* Build configuration list for PBXNativeTarget "love-calculatorTests" */;
			buildPhases = (
				647CDD612CDE0154001B51A3 /* Sources */,
				647CDD622CDE0154001B51A3 /* Frameworks */,
				647CDD632CDE0154001B51A3 /* Resources */,
			);
			buildRules = (
			);
			dependencies = (
				647CDD672CDE0154001B51A3 /* PBXTargetDependency */,
			);
			name = "love-calculatorTests";
			productName = "love-calculatorTests";
			productReference = 647CDD652CDE0154001B51A3 /* love-calculatorTests.xctest */;
			productType = "com.apple.product-type.bundle.unit-test";
		};
		647CDD6E2CDE0154001B51A3 /* love-calculatorUITests */ = {
			isa = PBXNativeTarget;
			buildConfigurationList = 647CDD7F2CDE0154001B51A3 /* Build configuration list for PBXNativeTarget "love-calculatorUITests" */;
			buildPhases = (
				647CDD6B2CDE0154001B51A3 /* Sources */,
				647CDD6C2CDE0154001B51A3 /* Frameworks */,
				647CDD6D2CDE0154001B51A3 /* Resources */,
			);
			buildRules = (
			);
			dependencies = (
				647CDD712CDE0154001B51A3 /* PBXTargetDependency */,
			);
			name = "love-calculatorUITests";
			productName = "love-calculatorUITests";
			productReference = 647CDD6F2CDE0154001B51A3 /* love-calculatorUITests.xctest */;
			productType = "com.apple.product-type.bundle.ui-testing";
		};
/* End PBXNativeTarget section */

/* Begin PBXProject section */
		647CDD4D2CDE0153001B51A3 /* Project object */ = {
			isa = PBXProject;
			attributes = {
				BuildIndependentTargetsInParallel = 1;
				LastSwiftUpdateCheck = 1540;
				LastUpgradeCheck = 1540;
				TargetAttributes = {
					647CDD542CDE0153001B51A3 = {
						CreatedOnToolsVersion = 15.4;
					};
					647CDD642CDE0154001B51A3 = {
						CreatedOnToolsVersion = 15.4;
						TestTargetID = 647CDD542CDE0153001B51A3;
					};
					647CDD6E2CDE0154001B51A3 = {
						CreatedOnToolsVersion = 15.4;
						TestTargetID = 647CDD542CDE0153001B51A3;
					};
				};
			};
			buildConfigurationList = 647CDD502CDE0153001B51A3 /* Build configuration list for PBXProject "love-calculator" */;
			compatibilityVersion = "Xcode 14.0";
			developmentRegion = en;
			hasScannedForEncodings = 0;
			knownRegions = (
				en,
				Base,
			);
			mainGroup = 647CDD4C2CDE0153001B51A3;
			productRefGroup = 647CDD562CDE0153001B51A3 /* Products */;
			projectDirPath = "";
			projectRoot = "";
			targets = (
				647CDD542CDE0153001B51A3 /* love-calculator */,
				647CDD642CDE0154001B51A3 /* love-calculatorTests */,
				647CDD6E2CDE0154001B51A3 /* love-calculatorUITests */,
			);
		};
/* End PBXProject section */

/* Begin PBXResourcesBuildPhase section */
		647CDD532CDE0153001B51A3 /* Resources */ = {
			isa = PBXResourcesBuildPhase;
			buildActionMask = 2147483647;
			files = (
				647CDD602CDE0154001B51A3 /* Preview Assets.xcassets in Resources */,
				647CDD5D2CDE0154001B51A3 /* Assets.xcassets in Resources */,
			);
			runOnlyForDeploymentPostprocessing = 0;
		};
		647CDD632CDE0154001B51A3 /* Resources */ = {
			isa = PBXResourcesBuildPhase;
			buildActionMask = 2147483647;
			files = (
			);
			runOnlyForDeploymentPostprocessing = 0;
		};
		647CDD6D2CDE0154001B51A3 /* Resources */ = {
			isa = PBXResourcesBuildPhase;
			buildActionMask = 2147483647;
			files = (
			);
			runOnlyForDeploymentPostprocessing = 0;
		};
/* End PBXResourcesBuildPhase section */

/* Begin PBXSourcesBuildPhase section */
		647CDD512CDE0153001B51A3 /* Sources */ = {
			isa = PBXSourcesBuildPhase;
			buildActionMask = 2147483647;
			files = (
				647CDD5B2CDE0153001B51A3 /* ContentView.swift in Sources */,
				647CDD592CDE0153001B51A3 /* love_calculatorApp.swift in Sources */,
			);
			runOnlyForDeploymentPostprocessing = 0;
		};
		647CDD612CDE0154001B51A3 /* Sources */ = {
			isa = PBXSourcesBuildPhase;
			buildActionMask = 2147483647;
			files = (
				647CDD6A2CDE0154001B51A3 /* love_calculatorTests.swift in Sources */,
			);
			runOnlyForDeploymentPostprocessing = 0;
		};
		647CDD6B2CDE0154001B51A3 /* Sources */ = {
			isa = PBXSourcesBuildPhase;
			buildActionMask = 2147483647;
			files = (
				647CDD762CDE0154001B51A3 /* love_calculatorUITestsLaunchTests.swift in Sources */,
				647CDD742CDE0154001B51A3 /* love_calculatorUITests.swift in Sources */,
			);
			runOnlyForDeploymentPostprocessing = 0;
		};
/* End PBXSourcesBuildPhase section */

/* Begin PBXTargetDependency section */
		647CDD672CDE0154001B51A3 /* PBXTargetDependency */ = {
			isa = PBXTargetDependency;
			target = 647CDD542CDE0153001B51A3 /* love-calculator */;
			targetProxy = 647CDD662CDE0154001B51A3 /* PBXContainerItemProxy */;
		};
		647CDD712CDE0154001B51A3 /* PBXTargetDependency */ = {
			isa = PBXTargetDependency;
			target = 647CDD542CDE0153001B51A3 /* love-calculator */;
			targetProxy = 647CDD702CDE0154001B51A3 /* PBXContainerItemProxy */;
		};
/* End PBXTargetDependency section */

/* Begin XCBuildConfiguration section */
		647CDD772CDE0154001B51A3 /* Debug */ = {
			isa = XCBuildConfiguration;
			buildSettings = {
				ALWAYS_SEARCH_USER_PATHS = NO;
				ASSETCATALOG_COMPILER_GENERATE_SWIFT_ASSET_SYMBOL_EXTENSIONS = YES;
				CLANG_ANALYZER_NONNULL = YES;
				CLANG_ANALYZER_NUMBER_OBJECT_CONVERSION = YES_AGGRESSIVE;
				CLANG_CXX_LANGUAGE_STANDARD = "gnu++20";
				CLANG_ENABLE_MODULES = YES;
				CLANG_ENABLE_OBJC_ARC = YES;
				CLANG_ENABLE_OBJC_WEAK = YES;
				CLANG_WARN_BLOCK_CAPTURE_AUTORELEASING = YES;
				CLANG_WARN_BOOL_CONVERSION = YES;
				CLANG_WARN_COMMA = YES;
				CLANG_WARN_CONSTANT_CONVERSION = YES;
				CLANG_WARN_DEPRECATED_OBJC_IMPLEMENTATIONS = YES;
				CLANG_WARN_DIRECT_OBJC_ISA_USAGE = YES_ERROR;
				CLANG_WARN_DOCUMENTATION_COMMENTS = YES;
				CLANG_WARN_EMPTY_BODY = YES;
				CLANG_WARN_ENUM_CONVERSION = YES;
				CLANG_WARN_INFINITE_RECURSION = YES;
				CLANG_WARN_INT_CONVERSION = YES;
				CLANG_WARN_NON_LITERAL_NULL_CONVERSION = YES;
				CLANG_WARN_OBJC_IMPLICIT_RETAIN_SELF = YES;
				CLANG_WARN_OBJC_LITERAL_CONVERSION = YES;
				CLANG_WARN_OBJC_ROOT_CLASS = YES_ERROR;
				CLANG_WARN_QUOTED_INCLUDE_IN_FRAMEWORK_HEADER = YES;
				CLANG_WARN_RANGE_LOOP_ANALYSIS = YES;
				CLANG_WARN_STRICT_PROTOTYPES = YES;
				CLANG_WARN_SUSPICIOUS_MOVE = YES;
				CLANG_WARN_UNGUARDED_AVAILABILITY = YES_AGGRESSIVE;
				CLANG_WARN_UNREACHABLE_CODE = YES;
				CLANG_WARN__DUPLICATE_METHOD_MATCH = YES;
				COPY_PHASE_STRIP = NO;
				DEBUG_INFORMATION_FORMAT = dwarf;
				ENABLE_STRICT_OBJC_MSGSEND = YES;
				ENABLE_TESTABILITY = YES;
				ENABLE_USER_SCRIPT_SANDBOXING = YES;
				GCC_C_LANGUAGE_STANDARD = gnu17;
				GCC_DYNAMIC_NO_PIC = NO;
				GCC_NO_COMMON_BLOCKS = YES;
				GCC_OPTIMIZATION_LEVEL = 0;
				GCC_PREPROCESSOR_DEFINITIONS = (
					"DEBUG=1",
					"$(inherited)",
				);
				GCC_WARN_64_TO_32_BIT_CONVERSION = YES;
				GCC_WARN_ABOUT_RETURN_TYPE = YES_ERROR;
				GCC_WARN_UNDECLARED_SELECTOR = YES;
				GCC_WARN_UNINITIALIZED_AUTOS = YES_AGGRESSIVE;
				GCC_WARN_UNUSED_FUNCTION = YES;
				GCC_WARN_UNUSED_VARIABLE = YES;
				IPHONEOS_DEPLOYMENT_TARGET = 17.5;
				LOCALIZATION_PREFERS_STRING_CATALOGS = YES;
				MTL_ENABLE_DEBUG_INFO = INCLUDE_SOURCE;
				MTL_FAST_MATH = YES;
				ONLY_ACTIVE_ARCH = YES;
				SDKROOT = iphoneos;
				SWIFT_ACTIVE_COMPILATION_CONDITIONS = "DEBUG $(inherited)";
				SWIFT_OPTIMIZATION_LEVEL = "-Onone";
			};
			name = Debug;
		};
		647CDD782CDE0154001B51A3 /* Release */ = {
			isa = XCBuildConfiguration;
			buildSettings = {
				ALWAYS_SEARCH_USER_PATHS = NO;
				ASSETCATALOG_COMPILER_GENERATE_SWIFT_ASSET_SYMBOL_EXTENSIONS = YES;
				CLANG_ANALYZER_NONNULL = YES;
				CLANG_ANALYZER_NUMBER_OBJECT_CONVERSION = YES_AGGRESSIVE;
				CLANG_CXX_LANGUAGE_STANDARD = "gnu++20";
				CLANG_ENABLE_MODULES = YES;
				CLANG_ENABLE_OBJC_ARC = YES;
				CLANG_ENABLE_OBJC_WEAK = YES;
				CLANG_WARN_BLOCK_CAPTURE_AUTORELEASING = YES;
				CLANG_WARN_BOOL_CONVERSION = YES;
				CLANG_WARN_COMMA = YES;
				CLANG_WARN_CONSTANT_CONVERSION = YES;
				CLANG_WARN_DEPRECATED_OBJC_IMPLEMENTATIONS = YES;
				CLANG_WARN_DIRECT_OBJC_ISA_USAGE = YES_ERROR;
				CLANG_WARN_DOCUMENTATION_COMMENTS = YES;
				CLANG_WARN_EMPTY_BODY = YES;
				CLANG_WARN_ENUM_CONVERSION = YES;
				CLANG_WARN_INFINITE_RECURSION = YES;
				CLANG_WARN_INT_CONVERSION = YES;
				CLANG_WARN_NON_LITERAL_NULL_CONVERSION = YES;
				CLANG_WARN_OBJC_IMPLICIT_RETAIN_SELF = YES;
				CLANG_WARN_OBJC_LITERAL_CONVERSION = YES;
				CLANG_WARN_OBJC_ROOT_CLASS = YES_ERROR;
				CLANG_WARN_QUOTED_INCLUDE_IN_FRAMEWORK_HEADER = YES;
				CLANG_WARN_RANGE_LOOP_ANALYSIS = YES;
				CLANG_WARN_STRICT_PROTOTYPES = YES;
				CLANG_WARN_SUSPICIOUS_MOVE = YES;
				CLANG_WARN_UNGUARDED_AVAILABILITY = YES_AGGRESSIVE;
				CLANG_WARN_UNREACHABLE_CODE = YES;
				CLANG_WARN__DUPLICATE_METHOD_MATCH = YES;
				COPY_PHASE_STRIP = NO;
				DEBUG_INFORMATION_FORMAT = "dwarf-with-dsym";
				ENABLE_NS_ASSERTIONS = NO;
				ENABLE_STRICT_OBJC_MSGSEND = YES;
				ENABLE_USER_SCRIPT_SANDBOXING = YES;
				GCC_C_LANGUAGE_STANDARD = gnu17;
				GCC_NO_COMMON_BLOCKS = YES;
				GCC_WARN_64_TO_32_BIT_CONVERSION = YES;
				GCC_WARN_ABOUT_RETURN_TYPE = YES_ERROR;
				GCC_WARN_UNDECLARED_SELECTOR = YES;
				GCC_WARN_UNINITIALIZED_AUTOS = YES_AGGRESSIVE;
				GCC_WARN_UNUSED_FUNCTION = YES;
				GCC_WARN_UNUSED_VARIABLE = YES;
				IPHONEOS_DEPLOYMENT_TARGET = 17.5;
				LOCALIZATION_PREFERS_STRING_CATALOGS = YES;
				MTL_ENABLE_DEBUG_INFO = NO;
				MTL_FAST_MATH = YES;
				SDKROOT = iphoneos;
				SWIFT_COMPILATION_MODE = wholemodule;
				VALIDATE_PRODUCT = YES;
			};
			name = Release;
		};
		647CDD7A2CDE0154001B51A3 /* Debug */ = {
			isa = XCBuildConfiguration;
			buildSettings = {
				ASSETCATALOG_COMPILER_APPICON_NAME = AppIcon;
				ASSETCATALOG_COMPILER_GLOBAL_ACCENT_COLOR_NAME = AccentColor;
				CODE_SIGN_STYLE = Automatic;
				CURRENT_PROJECT_VERSION = 1;
				DEVELOPMENT_ASSET_PATHS = "\"love-calculator/Preview Content\"";
				DEVELOPMENT_TEAM = 84GVAX3L73;
				ENABLE_PREVIEWS = YES;
				GENERATE_INFOPLIST_FILE = YES;
				INFOPLIST_KEY_UIApplicationSceneManifest_Generation = YES;
				INFOPLIST_KEY_UIApplicationSupportsIndirectInputEvents = YES;
				INFOPLIST_KEY_UILaunchScreen_Generation = YES;
				INFOPLIST_KEY_UISupportedInterfaceOrientations_iPad = "UIInterfaceOrientationPortrait UIInterfaceOrientationPortraitUpsideDown UIInterfaceOrientationLandscapeLeft UIInterfaceOrientationLandscapeRight";
				INFOPLIST_KEY_UISupportedInterfaceOrientations_iPhone = "UIInterfaceOrientationPortrait UIInterfaceOrientationLandscapeLeft UIInterfaceOrientationLandscapeRight";
				LD_RUNPATH_SEARCH_PATHS = (
					"$(inherited)",
					"@executable_path/Frameworks",
				);
				MARKETING_VERSION = 1.0;
				PRODUCT_BUNDLE_IDENTIFIER = "snowra.love-calculator";
				PRODUCT_NAME = "$(TARGET_NAME)";
				SWIFT_EMIT_LOC_STRINGS = YES;
				SWIFT_VERSION = 5.0;
				TARGETED_DEVICE_FAMILY = "1,2";
			};
			name = Debug;
		};
		647CDD7B2CDE0154001B51A3 /* Release */ = {
			isa = XCBuildConfiguration;
			buildSettings = {
				ASSETCATALOG_COMPILER_APPICON_NAME = AppIcon;
				ASSETCATALOG_COMPILER_GLOBAL_ACCENT_COLOR_NAME = AccentColor;
				CODE_SIGN_STYLE = Automatic;
				CURRENT_PROJECT_VERSION = 1;
				DEVELOPMENT_ASSET_PATHS = "\"love-calculator/Preview Content\"";
				DEVELOPMENT_TEAM = 84GVAX3L73;
				ENABLE_PREVIEWS = YES;
				GENERATE_INFOPLIST_FILE = YES;
				INFOPLIST_KEY_UIApplicationSceneManifest_Generation = YES;
				INFOPLIST_KEY_UIApplicationSupportsIndirectInputEvents = YES;
				INFOPLIST_KEY_UILaunchScreen_Generation = YES;
				INFOPLIST_KEY_UISupportedInterfaceOrientations_iPad = "UIInterfaceOrientationPortrait UIInterfaceOrientationPortraitUpsideDown UIInterfaceOrientationLandscapeLeft UIInterfaceOrientationLandscapeRight";
				INFOPLIST_KEY_UISupportedInterfaceOrientations_iPhone = "UIInterfaceOrientationPortrait UIInterfaceOrientationLandscapeLeft UIInterfaceOrientationLandscapeRight";
				LD_RUNPATH_SEARCH_PATHS = (
					"$(inherited)",
					"@executable_path/Frameworks",
				);
				MARKETING_VERSION = 1.0;
				PRODUCT_BUNDLE_IDENTIFIER = "snowra.love-calculator";
				PRODUCT_NAME = "$(TARGET_NAME)";
				SWIFT_EMIT_LOC_STRINGS = YES;
				SWIFT_VERSION = 5.0;
				TARGETED_DEVICE_FAMILY = "1,2";
			};
			name = Release;
		};
		647CDD7D2CDE0154001B51A3 /* Debug */ = {
			isa = XCBuildConfiguration;
			buildSettings = {
				ALWAYS_EMBED_SWIFT_STANDARD_LIBRARIES = YES;
				BUNDLE_LOADER = "$(TEST_HOST)";
				CODE_SIGN_STYLE = Automatic;
				CURRENT_PROJECT_VERSION = 1;
				DEVELOPMENT_TEAM = 84GVAX3L73;
				GENERATE_INFOPLIST_FILE = YES;
				IPHONEOS_DEPLOYMENT_TARGET = 17.5;
				MARKETING_VERSION = 1.0;
				PRODUCT_BUNDLE_IDENTIFIER = "snowra.love-calculatorTests";
				PRODUCT_NAME = "$(TARGET_NAME)";
				SWIFT_EMIT_LOC_STRINGS = NO;
				SWIFT_VERSION = 5.0;
				TARGETED_DEVICE_FAMILY = "1,2";
				TEST_HOST = "$(BUILT_PRODUCTS_DIR)/love-calculator.app/$(BUNDLE_EXECUTABLE_FOLDER_PATH)/love-calculator";
			};
			name = Debug;
		};
		647CDD7E2CDE0154001B51A3 /* Release */ = {
			isa = XCBuildConfiguration;
			buildSettings = {
				ALWAYS_EMBED_SWIFT_STANDARD_LIBRARIES = YES;
				BUNDLE_LOADER = "$(TEST_HOST)";
				CODE_SIGN_STYLE = Automatic;
				CURRENT_PROJECT_VERSION = 1;
				DEVELOPMENT_TEAM = 84GVAX3L73;
				GENERATE_INFOPLIST_FILE = YES;
				IPHONEOS_DEPLOYMENT_TARGET = 17.5;
				MARKETING_VERSION = 1.0;
				PRODUCT_BUNDLE_IDENTIFIER = "snowra.love-calculatorTests";
				PRODUCT_NAME = "$(TARGET_NAME)";
				SWIFT_EMIT_LOC_STRINGS = NO;
				SWIFT_VERSION = 5.0;
				TARGETED_DEVICE_FAMILY = "1,2";
				TEST_HOST = "$(BUILT_PRODUCTS_DIR)/love-calculator.app/$(BUNDLE_EXECUTABLE_FOLDER_PATH)/love-calculator";
			};
			name = Release;
		};
		647CDD802CDE0154001B51A3 /* Debug */ = {
			isa = XCBuildConfiguration;
			buildSettings = {
				ALWAYS_EMBED_SWIFT_STANDARD_LIBRARIES = YES;
				CODE_SIGN_STYLE = Automatic;
				CURRENT_PROJECT_VERSION = 1;
				DEVELOPMENT_TEAM = 84GVAX3L73;
				GENERATE_INFOPLIST_FILE = YES;
				MARKETING_VERSION = 1.0;
				PRODUCT_BUNDLE_IDENTIFIER = "snowra.love-calculatorUITests";
				PRODUCT_NAME = "$(TARGET_NAME)";
				SWIFT_EMIT_LOC_STRINGS = NO;
				SWIFT_VERSION = 5.0;
				TARGETED_DEVICE_FAMILY = "1,2";
				TEST_TARGET_NAME = "love-calculator";
			};
			name = Debug;
		};
		647CDD812CDE0154001B51A3 /* Release */ = {
			isa = XCBuildConfiguration;
			buildSettings = {
				ALWAYS_EMBED_SWIFT_STANDARD_LIBRARIES = YES;
				CODE_SIGN_STYLE = Automatic;
				CURRENT_PROJECT_VERSION = 1;
				DEVELOPMENT_TEAM = 84GVAX3L73;
				GENERATE_INFOPLIST_FILE = YES;
				MARKETING_VERSION = 1.0;
				PRODUCT_BUNDLE_IDENTIFIER = "snowra.love-calculatorUITests";
				PRODUCT_NAME = "$(TARGET_NAME)";
				SWIFT_EMIT_LOC_STRINGS = NO;
				SWIFT_VERSION = 5.0;
				TARGETED_DEVICE_FAMILY = "1,2";
				TEST_TARGET_NAME = "love-calculator";
			};
			name = Release;
		};
/* End XCBuildConfiguration section */

/* Begin XCConfigurationList section */
		647CDD502CDE0153001B51A3 /* Build configuration list for PBXProject "love-calculator" */ = {
			isa = XCConfigurationList;
			buildConfigurations = (
				647CDD772CDE0154001B51A3 /* Debug */,
				647CDD782CDE0154001B51A3 /* Release */,
			);
			defaultConfigurationIsVisible = 0;
			defaultConfigurationName = Release;
		};
		647CDD792CDE0154001B51A3 /* Build configuration list for PBXNativeTarget "love-calculator" */ = {
			isa = XCConfigurationList;
			buildConfigurations = (
				647CDD7A2CDE0154001B51A3 /* Debug */,
				647CDD7B2CDE0154001B51A3 /* Release */,
			);
			defaultConfigurationIsVisible = 0;
			defaultConfigurationName = Release;
		};
		647CDD7C2CDE0154001B51A3 /* Build configuration list for PBXNativeTarget "love-calculatorTests" */ = {
			isa = XCConfigurationList;
			buildConfigurations = (
				647CDD7D2CDE0154001B51A3 /* Debug */,
				647CDD7E2CDE0154001B51A3 /* Release */,
			);
			defaultConfigurationIsVisible = 0;
			defaultConfigurationName = Release;
		};
		647CDD7F2CDE0154001B51A3 /* Build configuration list for PBXNativeTarget "love-calculatorUITests" */ = {
			isa = XCConfigurationList;
			buildConfigurations = (
				647CDD802CDE0154001B51A3 /* Debug */,
				647CDD812CDE0154001B51A3 /* Release */,
			);
			defaultConfigurationIsVisible = 0;
			defaultConfigurationName = Release;
		};
/* End XCConfigurationList section */
	};
	rootObject = 647CDD4D2CDE0153001B51A3 /* Project object */;
}
